
Microsoft Visual Studio Solution File, Format Version 12.00
# Visual Studio Version 16
VisualStudioVersion = 16.0.29306.81
MinimumVisualStudioVersion = 10.0.40219.1
Project("{9A19103F-16F7-4668-BE54-9A1E7A4F7556}") = "SportStore", "SportStore.csproj", "{E9228BF9-14FC-42C7-86CE-EE6C304E56C4}"
EndProject
Global
	GlobalSection(SolutionConfigurationPlatforms) = preSolution
		Debug|Any CPU = Debug|Any CPU
		Release|Any CPU = Release|Any CPU
	EndGlobalSection
	GlobalSection(ProjectConfigurationPlatforms) = postSolution
		{E9228BF9-14FC-42C7-86CE-EE6C304E56C4}.Debug|Any CPU.ActiveCfg = Debug|Any CPU
		{E9228BF9-14FC-42C7-86CE-EE6C304E56C4}.Debug|Any CPU.Build.0 = Debug|Any CPU
		{E9228BF9-14FC-42C7-86CE-EE6C304E56C4}.Release|Any CPU.ActiveCfg = Release|Any CPU
		{E9228BF9-14FC-42C7-86CE-EE6C304E56C4}.Release|Any CPU.Build.0 = Release|Any CPU
	EndGlobalSection
	GlobalSection(SolutionProperties) = preSolution
		HideSolutionNode = FALSE
	EndGlobalSection
	GlobalSection(ExtensibilityGlobals) = postSolution
		SolutionGuid = {AE1F21C4-B895-4DD1-A545-450C0B1CBBFA}
	EndGlobalSection
EndGlobal
